
Microsoft Visual Studio Solution File, Format Version 12.00
# Visual Studio Version 17
VisualStudioVersion = 17.2.32505.173
MinimumVisualStudioVersion = 10.0.40219.1
Project("{FAE04EC0-301F-11D3-BF4B-00C04F79EFBC}") = "RestaurantOwner", "RestaurantOwner.csproj", "{6DBF41B1-CA28-4B36-842E-65DCA4912782}"
EndProject
Global
	GlobalSection(SolutionConfigurationPlatforms) = preSolution
		Debug|Any CPU = Debug|Any CPU
		Release|Any CPU = Release|Any CPU
	EndGlobalSection
	GlobalSection(ProjectConfigurationPlatforms) = postSolution
		{6DBF41B1-CA28-4B36-842E-65DCA4912782}.Debug|Any CPU.ActiveCfg = Debug|Any CPU
		{6DBF41B1-CA28-4B36-842E-65DCA4912782}.Debug|Any CPU.Build.0 = Debug|Any CPU
		{6DBF41B1-CA28-4B36-842E-65DCA4912782}.Release|Any CPU.ActiveCfg = Release|Any CPU
		{6DBF41B1-CA28-4B36-842E-65DCA4912782}.Release|Any CPU.Build.0 = Release|Any CPU
	EndGlobalSection
	GlobalSection(SolutionProperties) = preSolution
		HideSolutionNode = FALSE
	EndGlobalSection
	GlobalSection(ExtensibilityGlobals) = postSolution
		SolutionGuid = {04D220B9-6780-403F-98AD-177F16AC4BBB}
	EndGlobalSection
EndGlobal
